
Microsoft Visual Studio Solution File, Format Version 12.00
# Visual Studio 15
VisualStudioVersion = 15.0.28307.1433
MinimumVisualStudioVersion = 10.0.40219.1
Project("{FAE04EC0-301F-11D3-BF4B-00C04F79EFBC}") = "IlyaSaukoNancyTask", "IlyaSaukoNancyTask\IlyaSaukoNancyTask.csproj", "{781275D5-874C-4473-BE71-3EFB857E09DD}"
EndProject
Project("{FAE04EC0-301F-11D3-BF4B-00C04F79EFBC}") = "IlyaSaukoNancyTask.Tests", "IlyaSaukoNancyTask.Tests\IlyaSaukoNancyTask.Tests.csproj", "{62AF54A2-F9DD-4579-9FED-E1B48CF96DC1}"
EndProject
Global
	GlobalSection(SolutionConfigurationPlatforms) = preSolution
		Debug|Any CPU = Debug|Any CPU
		Release|Any CPU = Release|Any CPU
	EndGlobalSection
	GlobalSection(ProjectConfigurationPlatforms) = postSolution
		{781275D5-874C-4473-BE71-3EFB857E09DD}.Debug|Any CPU.ActiveCfg = Debug|Any CPU
		{781275D5-874C-4473-BE71-3EFB857E09DD}.Debug|Any CPU.Build.0 = Debug|Any CPU
		{781275D5-874C-4473-BE71-3EFB857E09DD}.Release|Any CPU.ActiveCfg = Release|Any CPU
		{781275D5-874C-4473-BE71-3EFB857E09DD}.Release|Any CPU.Build.0 = Release|Any CPU
		{62AF54A2-F9DD-4579-9FED-E1B48CF96DC1}.Debug|Any CPU.ActiveCfg = Debug|Any CPU
		{62AF54A2-F9DD-4579-9FED-E1B48CF96DC1}.Debug|Any CPU.Build.0 = Debug|Any CPU
		{62AF54A2-F9DD-4579-9FED-E1B48CF96DC1}.Release|Any CPU.ActiveCfg = Release|Any CPU
		{62AF54A2-F9DD-4579-9FED-E1B48CF96DC1}.Release|Any CPU.Build.0 = Release|Any CPU
	EndGlobalSection
	GlobalSection(SolutionProperties) = preSolution
		HideSolutionNode = FALSE
	EndGlobalSection
	GlobalSection(ExtensibilityGlobals) = postSolution
		SolutionGuid = {13F34C00-979D-47BC-BD30-D802E351A53D}
	EndGlobalSection
EndGlobal
